
Microsoft Visual Studio Solution File, Format Version 12.00
# Visual Studio Version 17
VisualStudioVersion = 17.4.33213.308
MinimumVisualStudioVersion = 10.0.40219.1
Project("{9A19103F-16F7-4668-BE54-9A1E7A4F7556}") = "Product-API-DI", "Product-API-DI.csproj", "{5FF5BD4A-A334-451F-A869-19C2215419E8}"
EndProject
Global
	GlobalSection(SolutionConfigurationPlatforms) = preSolution
		Debug|Any CPU = Debug|Any CPU
		Release|Any CPU = Release|Any CPU
	EndGlobalSection
	GlobalSection(ProjectConfigurationPlatforms) = postSolution
		{5FF5BD4A-A334-451F-A869-19C2215419E8}.Debug|Any CPU.ActiveCfg = Debug|Any CPU
		{5FF5BD4A-A334-451F-A869-19C2215419E8}.Debug|Any CPU.Build.0 = Debug|Any CPU
		{5FF5BD4A-A334-451F-A869-19C2215419E8}.Release|Any CPU.ActiveCfg = Release|Any CPU
		{5FF5BD4A-A334-451F-A869-19C2215419E8}.Release|Any CPU.Build.0 = Release|Any CPU
	EndGlobalSection
	GlobalSection(SolutionProperties) = preSolution
		HideSolutionNode = FALSE
	EndGlobalSection
	GlobalSection(ExtensibilityGlobals) = postSolution
		SolutionGuid = {0855B5F5-D1A0-4D43-A47F-2F9C443CE411}
	EndGlobalSection
EndGlobal
